
Microsoft Visual Studio Solution File, Format Version 12.00
# Visual Studio 15
VisualStudioVersion = 15.0.28307.168
MinimumVisualStudioVersion = 10.0.40219.1
Project("{FAE04EC0-301F-11D3-BF4B-00C04F79EFBC}") = "Haru.Net.iOS", "Haru.Net.iOS\Haru.Net.iOS.csproj", "{0DBD983F-BD8F-4BD6-B08A-AD28457D35EF}"
EndProject
Global
	GlobalSection(SolutionConfigurationPlatforms) = preSolution
		Debug|Any CPU = Debug|Any CPU
		Release|Any CPU = Release|Any CPU
	EndGlobalSection
	GlobalSection(ProjectConfigurationPlatforms) = postSolution
		{0DBD983F-BD8F-4BD6-B08A-AD28457D35EF}.Debug|Any CPU.ActiveCfg = Debug|Any CPU
		{0DBD983F-BD8F-4BD6-B08A-AD28457D35EF}.Debug|Any CPU.Build.0 = Debug|Any CPU
		{0DBD983F-BD8F-4BD6-B08A-AD28457D35EF}.Debug|Any CPU.Deploy.0 = Debug|Any CPU
		{0DBD983F-BD8F-4BD6-B08A-AD28457D35EF}.Release|Any CPU.ActiveCfg = Release|Any CPU
		{0DBD983F-BD8F-4BD6-B08A-AD28457D35EF}.Release|Any CPU.Build.0 = Release|Any CPU
		{0DBD983F-BD8F-4BD6-B08A-AD28457D35EF}.Release|Any CPU.Deploy.0 = Release|Any CPU
	EndGlobalSection
	GlobalSection(SolutionProperties) = preSolution
		HideSolutionNode = FALSE
	EndGlobalSection
	GlobalSection(ExtensibilityGlobals) = postSolution
		SolutionGuid = {7AD060FC-AA48-4A41-AFA4-EF850C32A3E6}
	EndGlobalSection
EndGlobal
